// !$*UTF8*$!
{
	archiveVersion = 1;
	classes = {
	};
	objectVersion = 50;
	objects = {

/* Begin PBXBuildFile section */
		86A51AC225F6BDA20059AA5C /* BMI_CalculatorApp.swift in Sources */ = {isa = PBXBuildFile; fileRef = 86A51AC125F6BDA20059AA5C /* BMI_CalculatorApp.swift */; };
		86A51AC425F6BDA20059AA5C /* ContentView.swift in Sources */ = {isa = PBXBuildFile; fileRef = 86A51AC325F6BDA20059AA5C /* ContentView.swift */; };
		86A51AC625F6BDA30059AA5C /* Assets.xcassets in Resources */ = {isa = PBXBuildFile; fileRef = 86A51AC525F6BDA30059AA5C /* Assets.xcassets */; };
		86A51AC925F6BDA30059AA5C /* Preview Assets.xcassets in Resources */ = {isa = PBXBuildFile; fileRef = 86A51AC825F6BDA30059AA5C /* Preview Assets.xcassets */; };
		86A51AD425F6BDA30059AA5C /* BMI_CalculatorTests.swift in Sources */ = {isa = PBXBuildFile; fileRef = 86A51AD325F6BDA30059AA5C /* BMI_CalculatorTests.swift */; };
		86A51ADF25F6BDA30059AA5C /* BMI_CalculatorUITests.swift in Sources */ = {isa = PBXBuildFile; fileRef = 86A51ADE25F6BDA30059AA5C /* BMI_CalculatorUITests.swift */; };
		86A51AF325F6C18B0059AA5C /* GenderView.swift in Sources */ = {isa = PBXBuildFile; fileRef = 86A51AF225F6C18B0059AA5C /* GenderView.swift */; };
		86A51AFB25F6C7640059AA5C /* HeightView.swift in Sources */ = {isa = PBXBuildFile; fileRef = 86A51AFA25F6C7640059AA5C /* HeightView.swift */; };
		86A51B0625F719460059AA5C /* AttributesView.swift in Sources */ = {isa = PBXBuildFile; fileRef = 86A51B0525F719460059AA5C /* AttributesView.swift */; };
		86A51B0B25F724510059AA5C /* ButtonView.swift in Sources */ = {isa = PBXBuildFile; fileRef = 86A51B0A25F724510059AA5C /* ButtonView.swift */; };
		86A51B1025F727700059AA5C /* CalculateButton.swift in Sources */ = {isa = PBXBuildFile; fileRef = 86A51B0F25F727700059AA5C /* CalculateButton.swift */; };
		86A51B1525F962230059AA5C /* BMICalculator.swift in Sources */ = {isa = PBXBuildFile; fileRef = 86A51B1425F962230059AA5C /* BMICalculator.swift */; };
		86A51B1D25F9E94A0059AA5C /* ResultView.swift in Sources */ = {isa = PBXBuildFile; fileRef = 86A51B1C25F9E94A0059AA5C /* ResultView.swift */; };
/* End PBXBuildFile section */

/* Begin PBXContainerItemProxy section */
		86A51AD025F6BDA30059AA5C /* PBXContainerItemProxy */ = {
			isa = PBXContainerItemProxy;
			containerPortal = 86A51AB625F6BDA10059AA5C /* Project object */;
			proxyType = 1;
			remoteGlobalIDString = 86A51ABD25F6BDA20059AA5C;
			remoteInfo = "BMI Calculator";
		};
		86A51ADB25F6BDA30059AA5C /* PBXContainerItemProxy */ = {
			isa = PBXContainerItemProxy;
			containerPortal = 86A51AB625F6BDA10059AA5C /* Project object */;
			proxyType = 1;
			remoteGlobalIDString = 86A51ABD25F6BDA20059AA5C;
			remoteInfo = "BMI Calculator";
		};
/* End PBXContainerItemProxy section */

/* Begin PBXFileReference section */
		86A51ABE25F6BDA20059AA5C /* BMI Calculator.app */ = {isa = PBXFileReference; explicitFileType = wrapper.application; includeInIndex = 0; path = "BMI Calculator.app"; sourceTree = BUILT_PRODUCTS_DIR; };
		86A51AC125F6BDA20059AA5C /* BMI_CalculatorApp.swift */ = {isa = PBXFileReference; lastKnownFileType = sourcecode.swift; path = BMI_CalculatorApp.swift; sourceTree = "<group>"; };
		86A51AC325F6BDA20059AA5C /* ContentView.swift */ = {isa = PBXFileReference; lastKnownFileType = sourcecode.swift; path = ContentView.swift; sourceTree = "<group>"; };
		86A51AC525F6BDA30059AA5C /* Assets.xcassets */ = {isa = PBXFileReference; lastKnownFileType = folder.assetcatalog; path = Assets.xcassets; sourceTree = "<group>"; };
		86A51AC825F6BDA30059AA5C /* Preview Assets.xcassets */ = {isa = PBXFileReference; lastKnownFileType = folder.assetcatalog; path = "Preview Assets.xcassets"; sourceTree = "<group>"; };
		86A51ACA25F6BDA30059AA5C /* Info.plist */ = {isa = PBXFileReference; lastKnownFileType = text.plist.xml; path = Info.plist; sourceTree = "<group>"; };
		86A51ACF25F6BDA30059AA5C /* BMI CalculatorTests.xctest */ = {isa = PBXFileReference; explicitFileType = wrapper.cfbundle; includeInIndex = 0; path = "BMI CalculatorTests.xctest"; sourceTree = BUILT_PRODUCTS_DIR; };
		86A51AD325F6BDA30059AA5C /* BMI_CalculatorTests.swift */ = {isa = PBXFileReference; lastKnownFileType = sourcecode.swift; path = BMI_CalculatorTests.swift; sourceTree = "<group>"; };
		86A51AD525F6BDA30059AA5C /* Info.plist */ = {isa = PBXFileReference; lastKnownFileType = text.plist.xml; path = Info.plist; sourceTree = "<group>"; };
		86A51ADA25F6BDA30059AA5C /* BMI CalculatorUITests.xctest */ = {isa = PBXFileReference; explicitFileType = wrapper.cfbundle; includeInIndex = 0; path = "BMI CalculatorUITests.xctest"; sourceTree = BUILT_PRODUCTS_DIR; };
		86A51ADE25F6BDA30059AA5C /* BMI_CalculatorUITests.swift */ = {isa = PBXFileReference; lastKnownFileType = sourcecode.swift; path = BMI_CalculatorUITests.swift; sourceTree = "<group>"; };
		86A51AE025F6BDA30059AA5C /* Info.plist */ = {isa = PBXFileReference; lastKnownFileType = text.plist.xml; path = Info.plist; sourceTree = "<group>"; };
		86A51AF225F6C18B0059AA5C /* GenderView.swift */ = {isa = PBXFileReference; lastKnownFileType = sourcecode.swift; path = GenderView.swift; sourceTree = "<group>"; };
		86A51AFA25F6C7640059AA5C /* HeightView.swift */ = {isa = PBXFileReference; lastKnownFileType = sourcecode.swift; path = HeightView.swift; sourceTree = "<group>"; };
		86A51B0525F719460059AA5C /* AttributesView.swift */ = {isa = PBXFileReference; lastKnownFileType = sourcecode.swift; path = AttributesView.swift; sourceTree = "<group>"; };
		86A51B0A25F724510059AA5C /* ButtonView.swift */ = {isa = PBXFileReference; lastKnownFileType = sourcecode.swift; path = ButtonView.swift; sourceTree = "<group>"; };
		86A51B0F25F727700059AA5C /* CalculateButton.swift */ = {isa = PBXFileReference; lastKnownFileType = sourcecode.swift; path = CalculateButton.swift; sourceTree = "<group>"; };
		86A51B1425F962230059AA5C /* BMICalculator.swift */ = {isa = PBXFileReference; lastKnownFileType = sourcecode.swift; path = BMICalculator.swift; sourceTree = "<group>"; };
		86A51B1C25F9E94A0059AA5C /* ResultView.swift */ = {isa = PBXFileReference; lastKnownFileType = sourcecode.swift; path = ResultView.swift; sourceTree = "<group>"; };
/* End PBXFileReference section */

/* Begin PBXFrameworksBuildPhase section */
		86A51ABB25F6BDA20059AA5C /* Frameworks */ = {
			isa = PBXFrameworksBuildPhase;
			buildActionMask = 2147483647;
			files = (
			);
			runOnlyForDeploymentPostprocessing = 0;
		};
		86A51ACC25F6BDA30059AA5C /* Frameworks */ = {
			isa = PBXFrameworksBuildPhase;
			buildActionMask = 2147483647;
			files = (
			);
			runOnlyForDeploymentPostprocessing = 0;
		};
		86A51AD725F6BDA30059AA5C /* Frameworks */ = {
			isa = PBXFrameworksBuildPhase;
			buildActionMask = 2147483647;
			files = (
			);
			runOnlyForDeploymentPostprocessing = 0;
		};
/* End PBXFrameworksBuildPhase section */

/* Begin PBXGroup section */
		86A51AB525F6BDA10059AA5C = {
			isa = PBXGroup;
			children = (
				86A51AC025F6BDA20059AA5C /* BMI Calculator */,
				86A51AD225F6BDA30059AA5C /* BMI CalculatorTests */,
				86A51ADD25F6BDA30059AA5C /* BMI CalculatorUITests */,
				86A51ABF25F6BDA20059AA5C /* Products */,
			);
			sourceTree = "<group>";
		};
		86A51ABF25F6BDA20059AA5C /* Products */ = {
			isa = PBXGroup;
			children = (
				86A51ABE25F6BDA20059AA5C /* BMI Calculator.app */,
				86A51ACF25F6BDA30059AA5C /* BMI CalculatorTests.xctest */,
				86A51ADA25F6BDA30059AA5C /* BMI CalculatorUITests.xctest */,
			);
			name = Products;
			sourceTree = "<group>";
		};
		86A51AC025F6BDA20059AA5C /* BMI Calculator */ = {
			isa = PBXGroup;
			children = (
				86A51AF125F6BE2C0059AA5C /* Model */,
				86A51AF025F6BE270059AA5C /* Views */,
				86A51AEF25F6BE170059AA5C /* App */,
				86A51AC125F6BDA20059AA5C /* BMI_CalculatorApp.swift */,
				86A51AC325F6BDA20059AA5C /* ContentView.swift */,
				86A51AC525F6BDA30059AA5C /* Assets.xcassets */,
				86A51ACA25F6BDA30059AA5C /* Info.plist */,
				86A51AC725F6BDA30059AA5C /* Preview Content */,
			);
			path = "BMI Calculator";
			sourceTree = "<group>";
		};
		86A51AC725F6BDA30059AA5C /* Preview Content */ = {
			isa = PBXGroup;
			children = (
				86A51AC825F6BDA30059AA5C /* Preview Assets.xcassets */,
			);
			path = "Preview Content";
			sourceTree = "<group>";
		};
		86A51AD225F6BDA30059AA5C /* BMI CalculatorTests */ = {
			isa = PBXGroup;
			children = (
				86A51AD325F6BDA30059AA5C /* BMI_CalculatorTests.swift */,
				86A51AD525F6BDA30059AA5C /* Info.plist */,
			);
			path = "BMI CalculatorTests";
			sourceTree = "<group>";
		};
		86A51ADD25F6BDA30059AA5C /* BMI CalculatorUITests */ = {
			isa = PBXGroup;
			children = (
				86A51ADE25F6BDA30059AA5C /* BMI_CalculatorUITests.swift */,
				86A51AE025F6BDA30059AA5C /* Info.plist */,
			);
			path = "BMI CalculatorUITests";
			sourceTree = "<group>";
		};
		86A51AEF25F6BE170059AA5C /* App */ = {
			isa = PBXGroup;
			children = (
			);
			path = App;
			sourceTree = "<group>";
		};
		86A51AF025F6BE270059AA5C /* Views */ = {
			isa = PBXGroup;
			children = (
				86A51AF225F6C18B0059AA5C /* GenderView.swift */,
				86A51AFA25F6C7640059AA5C /* HeightView.swift */,
				86A51B0525F719460059AA5C /* AttributesView.swift */,
				86A51B0A25F724510059AA5C /* ButtonView.swift */,
				86A51B0F25F727700059AA5C /* CalculateButton.swift */,
				86A51B1C25F9E94A0059AA5C /* ResultView.swift */,
			);
			path = Views;
			sourceTree = "<group>";
		};
		86A51AF125F6BE2C0059AA5C /* Model */ = {
			isa = PBXGroup;
			children = (
				86A51B1425F962230059AA5C /* BMICalculator.swift */,
			);
			path = Model;
			sourceTree = "<group>";
		};
/* End PBXGroup section */

/* Begin PBXNativeTarget section */
		86A51ABD25F6BDA20059AA5C /* BMI Calculator */ = {
			isa = PBXNativeTarget;
			buildConfigurationList = 86A51AE325F6BDA30059AA5C /* Build configuration list for PBXNativeTarget "BMI Calculator" */;
			buildPhases = (
				86A51ABA25F6BDA20059AA5C /* Sources */,
				86A51ABB25F6BDA20059AA5C /* Frameworks */,
				86A51ABC25F6BDA20059AA5C /* Resources */,
			);
			buildRules = (
			);
			dependencies = (
			);
			name = "BMI Calculator";
			productName = "BMI Calculator";
			productReference = 86A51ABE25F6BDA20059AA5C /* BMI Calculator.app */;
			productType = "com.apple.product-type.application";
		};
		86A51ACE25F6BDA30059AA5C /* BMI CalculatorTests */ = {
			isa = PBXNativeTarget;
			buildConfigurationList = 86A51AE625F6BDA30059AA5C /* Build configuration list for PBXNativeTarget "BMI CalculatorTests" */;
			buildPhases = (
				86A51ACB25F6BDA30059AA5C /* Sources */,
				86A51ACC25F6BDA30059AA5C /* Frameworks */,
				86A51ACD25F6BDA30059AA5C /* Resources */,
			);
			buildRules = (
			);
			dependencies = (
				86A51AD125F6BDA30059AA5C /* PBXTargetDependency */,
			);
			name = "BMI CalculatorTests";
			productName = "BMI CalculatorTests";
			productReference = 86A51ACF25F6BDA30059AA5C /* BMI CalculatorTests.xctest */;
			productType = "com.apple.product-type.bundle.unit-test";
		};
		86A51AD925F6BDA30059AA5C /* BMI CalculatorUITests */ = {
			isa = PBXNativeTarget;
			buildConfigurationList = 86A51AE925F6BDA30059AA5C /* Build configuration list for PBXNativeTarget "BMI CalculatorUITests" */;
			buildPhases = (
				86A51AD625F6BDA30059AA5C /* Sources */,
				86A51AD725F6BDA30059AA5C /* Frameworks */,
				86A51AD825F6BDA30059AA5C /* Resources */,
			);
			buildRules = (
			);
			dependencies = (
				86A51ADC25F6BDA30059AA5C /* PBXTargetDependency */,
			);
			name = "BMI CalculatorUITests";
			productName = "BMI CalculatorUITests";
			productReference = 86A51ADA25F6BDA30059AA5C /* BMI CalculatorUITests.xctest */;
			productType = "com.apple.product-type.bundle.ui-testing";
		};
/* End PBXNativeTarget section */

/* Begin PBXProject section */
		86A51AB625F6BDA10059AA5C /* Project object */ = {
			isa = PBXProject;
			attributes = {
				LastSwiftUpdateCheck = 1240;
				LastUpgradeCheck = 1240;
				TargetAttributes = {
					86A51ABD25F6BDA20059AA5C = {
						CreatedOnToolsVersion = 12.4;
					};
					86A51ACE25F6BDA30059AA5C = {
						CreatedOnToolsVersion = 12.4;
						TestTargetID = 86A51ABD25F6BDA20059AA5C;
					};
					86A51AD925F6BDA30059AA5C = {
						CreatedOnToolsVersion = 12.4;
						TestTargetID = 86A51ABD25F6BDA20059AA5C;
					};
				};
			};
			buildConfigurationList = 86A51AB925F6BDA10059AA5C /* Build configuration list for PBXProject "BMI Calculator" */;
			compatibilityVersion = "Xcode 9.3";
			developmentRegion = en;
			hasScannedForEncodings = 0;
			knownRegions = (
				en,
				Base,
			);
			mainGroup = 86A51AB525F6BDA10059AA5C;
			productRefGroup = 86A51ABF25F6BDA20059AA5C /* Products */;
			projectDirPath = "";
			projectRoot = "";
			targets = (
				86A51ABD25F6BDA20059AA5C /* BMI Calculator */,
				86A51ACE25F6BDA30059AA5C /* BMI CalculatorTests */,
				86A51AD925F6BDA30059AA5C /* BMI CalculatorUITests */,
			);
		};
/* End PBXProject section */

/* Begin PBXResourcesBuildPhase section */
		86A51ABC25F6BDA20059AA5C /* Resources */ = {
			isa = PBXResourcesBuildPhase;
			buildActionMask = 2147483647;
			files = (
				86A51AC925F6BDA30059AA5C /* Preview Assets.xcassets in Resources */,
				86A51AC625F6BDA30059AA5C /* Assets.xcassets in Resources */,
			);
			runOnlyForDeploymentPostprocessing = 0;
		};
		86A51ACD25F6BDA30059AA5C /* Resources */ = {
			isa = PBXResourcesBuildPhase;
			buildActionMask = 2147483647;
			files = (
			);
			runOnlyForDeploymentPostprocessing = 0;
		};
		86A51AD825F6BDA30059AA5C /* Resources */ = {
			isa = PBXResourcesBuildPhase;
			buildActionMask = 2147483647;
			files = (
			);
			runOnlyForDeploymentPostprocessing = 0;
		};
/* End PBXResourcesBuildPhase section */

/* Begin PBXSourcesBuildPhase section */
		86A51ABA25F6BDA20059AA5C /* Sources */ = {
			isa = PBXSourcesBuildPhase;
			buildActionMask = 2147483647;
			files = (
				86A51B1525F962230059AA5C /* BMICalculator.swift in Sources */,
				86A51AC425F6BDA20059AA5C /* ContentView.swift in Sources */,
				86A51B1D25F9E94A0059AA5C /* ResultView.swift in Sources */,
				86A51AFB25F6C7640059AA5C /* HeightView.swift in Sources */,
				86A51B0B25F724510059AA5C /* ButtonView.swift in Sources */,
				86A51AC225F6BDA20059AA5C /* BMI_CalculatorApp.swift in Sources */,
				86A51AF325F6C18B0059AA5C /* GenderView.swift in Sources */,
				86A51B1025F727700059AA5C /* CalculateButton.swift in Sources */,
				86A51B0625F719460059AA5C /* AttributesView.swift in Sources */,
			);
			runOnlyForDeploymentPostprocessing = 0;
		};
		86A51ACB25F6BDA30059AA5C /* Sources */ = {
			isa = PBXSourcesBuildPhase;
			buildActionMask = 2147483647;
			files = (
				86A51AD425F6BDA30059AA5C /* BMI_CalculatorTests.swift in Sources */,
			);
			runOnlyForDeploymentPostprocessing = 0;
		};
		86A51AD625F6BDA30059AA5C /* Sources */ = {
			isa = PBXSourcesBuildPhase;
			buildActionMask = 2147483647;
			files = (
				86A51ADF25F6BDA30059AA5C /* BMI_CalculatorUITests.swift in Sources */,
			);
			runOnlyForDeploymentPostprocessing = 0;
		};
/* End PBXSourcesBuildPhase section */

/* Begin PBXTargetDependency section */
		86A51AD125F6BDA30059AA5C /* PBXTargetDependency */ = {
			isa = PBXTargetDependency;
			target = 86A51ABD25F6BDA20059AA5C /* BMI Calculator */;
			targetProxy = 86A51AD025F6BDA30059AA5C /* PBXContainerItemProxy */;
		};
		86A51ADC25F6BDA30059AA5C /* PBXTargetDependency */ = {
			isa = PBXTargetDependency;
			target = 86A51ABD25F6BDA20059AA5C /* BMI Calculator */;
			targetProxy = 86A51ADB25F6BDA30059AA5C /* PBXContainerItemProxy */;
		};
/* End PBXTargetDependency section */

/* Begin XCBuildConfiguration section */
		86A51AE125F6BDA30059AA5C /* Debug */ = {
			isa = XCBuildConfiguration;
			buildSettings = {
				ALWAYS_SEARCH_USER_PATHS = NO;
				CLANG_ANALYZER_NONNULL = YES;
				CLANG_ANALYZER_NUMBER_OBJECT_CONVERSION = YES_AGGRESSIVE;
				CLANG_CXX_LANGUAGE_STANDARD = "gnu++14";
				CLANG_CXX_LIBRARY = "libc++";
				CLANG_ENABLE_MODULES = YES;
				CLANG_ENABLE_OBJC_ARC = YES;
				CLANG_ENABLE_OBJC_WEAK = YES;
				CLANG_WARN_BLOCK_CAPTURE_AUTORELEASING = YES;
				CLANG_WARN_BOOL_CONVERSION = YES;
				CLANG_WARN_COMMA = YES;
				CLANG_WARN_CONSTANT_CONVERSION = YES;
				CLANG_WARN_DEPRECATED_OBJC_IMPLEMENTATIONS = YES;
				CLANG_WARN_DIRECT_OBJC_ISA_USAGE = YES_ERROR;
				CLANG_WARN_DOCUMENTATION_COMMENTS = YES;
				CLANG_WARN_EMPTY_BODY = YES;
				CLANG_WARN_ENUM_CONVERSION = YES;
				CLANG_WARN_INFINITE_RECURSION = YES;
				CLANG_WARN_INT_CONVERSION = YES;
				CLANG_WARN_NON_LITERAL_NULL_CONVERSION = YES;
				CLANG_WARN_OBJC_IMPLICIT_RETAIN_SELF = YES;
				CLANG_WARN_OBJC_LITERAL_CONVERSION = YES;
				CLANG_WARN_OBJC_ROOT_CLASS = YES_ERROR;
				CLANG_WARN_QUOTED_INCLUDE_IN_FRAMEWORK_HEADER = YES;
				CLANG_WARN_RANGE_LOOP_ANALYSIS = YES;
				CLANG_WARN_STRICT_PROTOTYPES = YES;
				CLANG_WARN_SUSPICIOUS_MOVE = YES;
				CLANG_WARN_UNGUARDED_AVAILABILITY = YES_AGGRESSIVE;
				CLANG_WARN_UNREACHABLE_CODE = YES;
				CLANG_WARN__DUPLICATE_METHOD_MATCH = YES;
				COPY_PHASE_STRIP = NO;
				DEBUG_INFORMATION_FORMAT = dwarf;
				ENABLE_STRICT_OBJC_MSGSEND = YES;
				ENABLE_TESTABILITY = YES;
				GCC_C_LANGUAGE_STANDARD = gnu11;
				GCC_DYNAMIC_NO_PIC = NO;
				GCC_NO_COMMON_BLOCKS = YES;
				GCC_OPTIMIZATION_LEVEL = 0;
				GCC_PREPROCESSOR_DEFINITIONS = (
					"DEBUG=1",
					"$(inherited)",
				);
				GCC_WARN_64_TO_32_BIT_CONVERSION = YES;
				GCC_WARN_ABOUT_RETURN_TYPE = YES_ERROR;
				GCC_WARN_UNDECLARED_SELECTOR = YES;
				GCC_WARN_UNINITIALIZED_AUTOS = YES_AGGRESSIVE;
				GCC_WARN_UNUSED_FUNCTION = YES;
				GCC_WARN_UNUSED_VARIABLE = YES;
				IPHONEOS_DEPLOYMENT_TARGET = 14.4;
				MTL_ENABLE_DEBUG_INFO = INCLUDE_SOURCE;
				MTL_FAST_MATH = YES;
				ONLY_ACTIVE_ARCH = YES;
				SDKROOT = iphoneos;
				SWIFT_ACTIVE_COMPILATION_CONDITIONS = DEBUG;
				SWIFT_OPTIMIZATION_LEVEL = "-Onone";
			};
			name = Debug;
		};
		86A51AE225F6BDA30059AA5C /* Release */ = {
			isa = XCBuildConfiguration;
			buildSettings = {
				ALWAYS_SEARCH_USER_PATHS = NO;
				CLANG_ANALYZER_NONNULL = YES;
				CLANG_ANALYZER_NUMBER_OBJECT_CONVERSION = YES_AGGRESSIVE;
				CLANG_CXX_LANGUAGE_STANDARD = "gnu++14";
				CLANG_CXX_LIBRARY = "libc++";
				CLANG_ENABLE_MODULES = YES;
				CLANG_ENABLE_OBJC_ARC = YES;
				CLANG_ENABLE_OBJC_WEAK = YES;
				CLANG_WARN_BLOCK_CAPTURE_AUTORELEASING = YES;
				CLANG_WARN_BOOL_CONVERSION = YES;
				CLANG_WARN_COMMA = YES;
				CLANG_WARN_CONSTANT_CONVERSION = YES;
				CLANG_WARN_DEPRECATED_OBJC_IMPLEMENTATIONS = YES;
				CLANG_WARN_DIRECT_OBJC_ISA_USAGE = YES_ERROR;
				CLANG_WARN_DOCUMENTATION_COMMENTS = YES;
				CLANG_WARN_EMPTY_BODY = YES;
				CLANG_WARN_ENUM_CONVERSION = YES;
				CLANG_WARN_INFINITE_RECURSION = YES;
				CLANG_WARN_INT_CONVERSION = YES;
				CLANG_WARN_NON_LITERAL_NULL_CONVERSION = YES;
				CLANG_WARN_OBJC_IMPLICIT_RETAIN_SELF = YES;
				CLANG_WARN_OBJC_LITERAL_CONVERSION = YES;
				CLANG_WARN_OBJC_ROOT_CLASS = YES_ERROR;
				CLANG_WARN_QUOTED_INCLUDE_IN_FRAMEWORK_HEADER = YES;
				CLANG_WARN_RANGE_LOOP_ANALYSIS = YES;
				CLANG_WARN_STRICT_PROTOTYPES = YES;
				CLANG_WARN_SUSPICIOUS_MOVE = YES;
				CLANG_WARN_UNGUARDED_AVAILABILITY = YES_AGGRESSIVE;
				CLANG_WARN_UNREACHABLE_CODE = YES;
				CLANG_WARN__DUPLICATE_METHOD_MATCH = YES;
				COPY_PHASE_STRIP = NO;
				DEBUG_INFORMATION_FORMAT = "dwarf-with-dsym";
				ENABLE_NS_ASSERTIONS = NO;
				ENABLE_STRICT_OBJC_MSGSEND = YES;
				GCC_C_LANGUAGE_STANDARD = gnu11;
				GCC_NO_COMMON_BLOCKS = YES;
				GCC_WARN_64_TO_32_BIT_CONVERSION = YES;
				GCC_WARN_ABOUT_RETURN_TYPE = YES_ERROR;
				GCC_WARN_UNDECLARED_SELECTOR = YES;
				GCC_WARN_UNINITIALIZED_AUTOS = YES_AGGRESSIVE;
				GCC_WARN_UNUSED_FUNCTION = YES;
				GCC_WARN_UNUSED_VARIABLE = YES;
				IPHONEOS_DEPLOYMENT_TARGET = 14.4;
				MTL_ENABLE_DEBUG_INFO = NO;
				MTL_FAST_MATH = YES;
				SDKROOT = iphoneos;
				SWIFT_COMPILATION_MODE = wholemodule;
				SWIFT_OPTIMIZATION_LEVEL = "-O";
				VALIDATE_PRODUCT = YES;
			};
			name = Release;
		};
		86A51AE425F6BDA30059AA5C /* Debug */ = {
			isa = XCBuildConfiguration;
			buildSettings = {
				ASSETCATALOG_COMPILER_APPICON_NAME = AppIcon;
				ASSETCATALOG_COMPILER_GLOBAL_ACCENT_COLOR_NAME = AccentColor;
				CODE_SIGN_STYLE = Automatic;
				DEVELOPMENT_ASSET_PATHS = "\"BMI Calculator/Preview Content\"";
				ENABLE_PREVIEWS = YES;
				INFOPLIST_FILE = "BMI Calculator/Info.plist";
				IPHONEOS_DEPLOYMENT_TARGET = 14.0;
				LD_RUNPATH_SEARCH_PATHS = (
					"$(inherited)",
					"@executable_path/Frameworks",
				);
				PRODUCT_BUNDLE_IDENTIFIER = "sanmidev.BMI-Calculator";
				PRODUCT_NAME = "$(TARGET_NAME)";
				SWIFT_VERSION = 5.0;
				TARGETED_DEVICE_FAMILY = "1,2";
			};
			name = Debug;
		};
		86A51AE525F6BDA30059AA5C /* Release */ = {
			isa = XCBuildConfiguration;
			buildSettings = {
				ASSETCATALOG_COMPILER_APPICON_NAME = AppIcon;
				ASSETCATALOG_COMPILER_GLOBAL_ACCENT_COLOR_NAME = AccentColor;
				CODE_SIGN_STYLE = Automatic;
				DEVELOPMENT_ASSET_PATHS = "\"BMI Calculator/Preview Content\"";
				ENABLE_PREVIEWS = YES;
				INFOPLIST_FILE = "BMI Calculator/Info.plist";
				IPHONEOS_DEPLOYMENT_TARGET = 14.0;
				LD_RUNPATH_SEARCH_PATHS = (
					"$(inherited)",
					"@executable_path/Frameworks",
				);
				PRODUCT_BUNDLE_IDENTIFIER = "sanmidev.BMI-Calculator";
				PRODUCT_NAME = "$(TARGET_NAME)";
				SWIFT_VERSION = 5.0;
				TARGETED_DEVICE_FAMILY = "1,2";
			};
			name = Release;
		};
		86A51AE725F6BDA30059AA5C /* Debug */ = {
			isa = XCBuildConfiguration;
			buildSettings = {
				ALWAYS_EMBED_SWIFT_STANDARD_LIBRARIES = YES;
				BUNDLE_LOADER = "$(TEST_HOST)";
				CODE_SIGN_STYLE = Automatic;
				INFOPLIST_FILE = "BMI CalculatorTests/Info.plist";
				IPHONEOS_DEPLOYMENT_TARGET = 14.0;
				LD_RUNPATH_SEARCH_PATHS = (
					"$(inherited)",
					"@executable_path/Frameworks",
					"@loader_path/Frameworks",
				);
				PRODUCT_BUNDLE_IDENTIFIER = "sanmidev.BMI-CalculatorTests";
				PRODUCT_NAME = "$(TARGET_NAME)";
				SWIFT_VERSION = 5.0;
				TARGETED_DEVICE_FAMILY = "1,2";
				TEST_HOST = "$(BUILT_PRODUCTS_DIR)/BMI Calculator.app/BMI Calculator";
			};
			name = Debug;
		};
		86A51AE825F6BDA30059AA5C /* Release */ = {
			isa = XCBuildConfiguration;
			buildSettings = {
				ALWAYS_EMBED_SWIFT_STANDARD_LIBRARIES = YES;
				BUNDLE_LOADER = "$(TEST_HOST)";
				CODE_SIGN_STYLE = Automatic;
				INFOPLIST_FILE = "BMI CalculatorTests/Info.plist";
				IPHONEOS_DEPLOYMENT_TARGET = 14.0;
				LD_RUNPATH_SEARCH_PATHS = (
					"$(inherited)",
					"@executable_path/Frameworks",
					"@loader_path/Frameworks",
				);
				PRODUCT_BUNDLE_IDENTIFIER = "sanmidev.BMI-CalculatorTests";
				PRODUCT_NAME = "$(TARGET_NAME)";
				SWIFT_VERSION = 5.0;
				TARGETED_DEVICE_FAMILY = "1,2";
				TEST_HOST = "$(BUILT_PRODUCTS_DIR)/BMI Calculator.app/BMI Calculator";
			};
			name = Release;
		};
		86A51AEA25F6BDA30059AA5C /* Debug */ = {
			isa = XCBuildConfiguration;
			buildSettings = {
				ALWAYS_EMBED_SWIFT_STANDARD_LIBRARIES = YES;
				CODE_SIGN_STYLE = Automatic;
				INFOPLIST_FILE = "BMI CalculatorUITests/Info.plist";
				LD_RUNPATH_SEARCH_PATHS = (
					"$(inherited)",
					"@executable_path/Frameworks",
					"@loader_path/Frameworks",
				);
				PRODUCT_BUNDLE_IDENTIFIER = "sanmidev.BMI-CalculatorUITests";
				PRODUCT_NAME = "$(TARGET_NAME)";
				SWIFT_VERSION = 5.0;
				TARGETED_DEVICE_FAMILY = "1,2";
				TEST_TARGET_NAME = "BMI Calculator";
			};
			name = Debug;
		};
		86A51AEB25F6BDA30059AA5C /* Release */ = {
			isa = XCBuildConfiguration;
			buildSettings = {
				ALWAYS_EMBED_SWIFT_STANDARD_LIBRARIES = YES;
				CODE_SIGN_STYLE = Automatic;
				INFOPLIST_FILE = "BMI CalculatorUITests/Info.plist";
				LD_RUNPATH_SEARCH_PATHS = (
					"$(inherited)",
					"@executable_path/Frameworks",
					"@loader_path/Frameworks",
				);
				PRODUCT_BUNDLE_IDENTIFIER = "sanmidev.BMI-CalculatorUITests";
				PRODUCT_NAME = "$(TARGET_NAME)";
				SWIFT_VERSION = 5.0;
				TARGETED_DEVICE_FAMILY = "1,2";
				TEST_TARGET_NAME = "BMI Calculator";
			};
			name = Release;
		};
/* End XCBuildConfiguration section */

/* Begin XCConfigurationList section */
		86A51AB925F6BDA10059AA5C /* Build configuration list for PBXProject "BMI Calculator" */ = {
			isa = XCConfigurationList;
			buildConfigurations = (
				86A51AE125F6BDA30059AA5C /* Debug */,
				86A51AE225F6BDA30059AA5C /* Release */,
			);
			defaultConfigurationIsVisible = 0;
			defaultConfigurationName = Release;
		};
		86A51AE325F6BDA30059AA5C /* Build configuration list for PBXNativeTarget "BMI Calculator" */ = {
			isa = XCConfigurationList;
			buildConfigurations = (
				86A51AE425F6BDA30059AA5C /* Debug */,
				86A51AE525F6BDA30059AA5C /* Release */,
			);
			defaultConfigurationIsVisible = 0;
			defaultConfigurationName = Release;
		};
		86A51AE625F6BDA30059AA5C /* Build configuration list for PBXNativeTarget "BMI CalculatorTests" */ = {
			isa = XCConfigurationList;
			buildConfigurations = (
				86A51AE725F6BDA30059AA5C /* Debug */,
				86A51AE825F6BDA30059AA5C /* Release */,
			);
			defaultConfigurationIsVisible = 0;
			defaultConfigurationName = Release;
		};
		86A51AE925F6BDA30059AA5C /* Build configuration list for PBXNativeTarget "BMI CalculatorUITests" */ = {
			isa = XCConfigurationList;
			buildConfigurations = (
				86A51AEA25F6BDA30059AA5C /* Debug */,
				86A51AEB25F6BDA30059AA5C /* Release */,
			);
			defaultConfigurationIsVisible = 0;
			defaultConfigurationName = Release;
		};
/* End XCConfigurationList section */
	};
	rootObject = 86A51AB625F6BDA10059AA5C /* Project object */;
}
